
Microsoft Visual Studio Solution File, Format Version 12.00
# Visual Studio 15
VisualStudioVersion = 15.0.27703.2000
MinimumVisualStudioVersion = 10.0.40219.1
Project("{2150E333-8FDC-42A3-9474-1A3956D46DE8}") = "Api", "Api", "{3E18C123-588F-4B8A-82A4-46A68BDC4346}"
EndProject
Project("{2150E333-8FDC-42A3-9474-1A3956D46DE8}") = "Domain", "Domain", "{02B0CDA2-F938-49C4-A7D6-D5813ED908C8}"
EndProject
Project("{2150E333-8FDC-42A3-9474-1A3956D46DE8}") = "Service", "Service", "{65705253-0E05-40AE-8888-31E646073B7B}"
EndProject
Project("{2150E333-8FDC-42A3-9474-1A3956D46DE8}") = "Persistance", "Persistance", "{772D8D7F-ED8E-4ED6-B819-2E25157CF86A}"
EndProject
Project("{9A19103F-16F7-4668-BE54-9A1E7A4F7556}") = "RankBoard.Api", "RankBoard.Api\RankBoard.Api.csproj", "{05C7B406-296B-4F53-A211-8FC46ED75A38}"
EndProject
Project("{9A19103F-16F7-4668-BE54-9A1E7A4F7556}") = "RankBoard.Data", "RankBoard.Data\RankBoard.Data.csproj", "{35E3FC3D-DCB4-4152-B7CF-35418F1A0476}"
EndProject
Project("{9A19103F-16F7-4668-BE54-9A1E7A4F7556}") = "RankBoard.Repositories", "RankBoard.Repositories\RankBoard.Repositories.csproj", "{1EFF4073-DA60-47C9-847B-740A4E1A5218}"
EndProject
Project("{9A19103F-16F7-4668-BE54-9A1E7A4F7556}") = "RankBoard.Service", "RankBoard.Service\RankBoard.Service.csproj", "{5698E535-6D70-4284-A284-A969E5E86C4C}"
EndProject
Project("{2150E333-8FDC-42A3-9474-1A3956D46DE8}") = "Ids", "Ids", "{1D7DEFD6-B2C2-492F-951E-402888C3F2DF}"
EndProject
Project("{FAE04EC0-301F-11D3-BF4B-00C04F79EFBC}") = "RankBoard.Ids", "RankBoard.Ids\RankBoard.Ids.csproj", "{405B0097-AE83-4EE1-9B86-C034E64FD5C1}"
EndProject
Global
	GlobalSection(SolutionConfigurationPlatforms) = preSolution
		Debug|Any CPU = Debug|Any CPU
		Release|Any CPU = Release|Any CPU
	EndGlobalSection
	GlobalSection(ProjectConfigurationPlatforms) = postSolution
		{05C7B406-296B-4F53-A211-8FC46ED75A38}.Debug|Any CPU.ActiveCfg = Debug|Any CPU
		{05C7B406-296B-4F53-A211-8FC46ED75A38}.Debug|Any CPU.Build.0 = Debug|Any CPU
		{05C7B406-296B-4F53-A211-8FC46ED75A38}.Release|Any CPU.ActiveCfg = Release|Any CPU
		{05C7B406-296B-4F53-A211-8FC46ED75A38}.Release|Any CPU.Build.0 = Release|Any CPU
		{35E3FC3D-DCB4-4152-B7CF-35418F1A0476}.Debug|Any CPU.ActiveCfg = Debug|Any CPU
		{35E3FC3D-DCB4-4152-B7CF-35418F1A0476}.Debug|Any CPU.Build.0 = Debug|Any CPU
		{35E3FC3D-DCB4-4152-B7CF-35418F1A0476}.Release|Any CPU.ActiveCfg = Release|Any CPU
		{35E3FC3D-DCB4-4152-B7CF-35418F1A0476}.Release|Any CPU.Build.0 = Release|Any CPU
		{1EFF4073-DA60-47C9-847B-740A4E1A5218}.Debug|Any CPU.ActiveCfg = Debug|Any CPU
		{1EFF4073-DA60-47C9-847B-740A4E1A5218}.Debug|Any CPU.Build.0 = Debug|Any CPU
		{1EFF4073-DA60-47C9-847B-740A4E1A5218}.Release|Any CPU.ActiveCfg = Release|Any CPU
		{1EFF4073-DA60-47C9-847B-740A4E1A5218}.Release|Any CPU.Build.0 = Release|Any CPU
		{5698E535-6D70-4284-A284-A969E5E86C4C}.Debug|Any CPU.ActiveCfg = Debug|Any CPU
		{5698E535-6D70-4284-A284-A969E5E86C4C}.Debug|Any CPU.Build.0 = Debug|Any CPU
		{5698E535-6D70-4284-A284-A969E5E86C4C}.Release|Any CPU.ActiveCfg = Release|Any CPU
		{5698E535-6D70-4284-A284-A969E5E86C4C}.Release|Any CPU.Build.0 = Release|Any CPU
		{405B0097-AE83-4EE1-9B86-C034E64FD5C1}.Debug|Any CPU.ActiveCfg = Debug|Any CPU
		{405B0097-AE83-4EE1-9B86-C034E64FD5C1}.Debug|Any CPU.Build.0 = Debug|Any CPU
		{405B0097-AE83-4EE1-9B86-C034E64FD5C1}.Release|Any CPU.ActiveCfg = Release|Any CPU
		{405B0097-AE83-4EE1-9B86-C034E64FD5C1}.Release|Any CPU.Build.0 = Release|Any CPU
	EndGlobalSection
	GlobalSection(SolutionProperties) = preSolution
		HideSolutionNode = FALSE
	EndGlobalSection
	GlobalSection(NestedProjects) = preSolution
		{05C7B406-296B-4F53-A211-8FC46ED75A38} = {3E18C123-588F-4B8A-82A4-46A68BDC4346}
		{35E3FC3D-DCB4-4152-B7CF-35418F1A0476} = {02B0CDA2-F938-49C4-A7D6-D5813ED908C8}
		{1EFF4073-DA60-47C9-847B-740A4E1A5218} = {772D8D7F-ED8E-4ED6-B819-2E25157CF86A}
		{5698E535-6D70-4284-A284-A969E5E86C4C} = {65705253-0E05-40AE-8888-31E646073B7B}
		{405B0097-AE83-4EE1-9B86-C034E64FD5C1} = {1D7DEFD6-B2C2-492F-951E-402888C3F2DF}
	EndGlobalSection
	GlobalSection(ExtensibilityGlobals) = postSolution
		SolutionGuid = {1AE6875F-4E6D-448A-B7C6-E65E0D14709F}
	EndGlobalSection
EndGlobal
